
Microsoft Visual Studio Solution File, Format Version 12.00
# Visual Studio Version 17
VisualStudioVersion = 17.14.36414.22
MinimumVisualStudioVersion = 10.0.40219.1
Project("{FAE04EC0-301F-11D3-BF4B-00C04F79EFBC}") = "ex1b", "ex1b\ex1b.csproj", "{48CFF8B8-1BFD-4EFF-A9CC-8DCF5DD98075}"
EndProject
Project("{FAE04EC0-301F-11D3-BF4B-00C04F79EFBC}") = "ex1c-food-truck", "ex1c-food-truck\ex1c-food-truck.csproj", "{C29C8421-5B3A-46F5-B69C-73EFDB84D1A0}"
EndProject
Project("{FAE04EC0-301F-11D3-BF4B-00C04F79EFBC}") = "ex 1d", "ex 1d\ex 1d.csproj", "{ED7CFC78-5A8F-4A49-841D-4480702F657C}"
EndProject
Project("{FAE04EC0-301F-11D3-BF4B-00C04F79EFBC}") = "Ex 2B", "Ex 2B\Ex 2B.csproj", "{5EF93EAC-E269-4C9E-B20B-A3D7446C6097}"
EndProject
Project("{FAE04EC0-301F-11D3-BF4B-00C04F79EFBC}") = "Ex 2c", "Ex 2c\Ex 2c.csproj", "{4D5FE62A-DC33-4E05-BA16-8A2AF213DD8C}"
EndProject
Project("{FAE04EC0-301F-11D3-BF4B-00C04F79EFBC}") = "Ex 2D", "Ex 2D\Ex 2D.csproj", "{A6A9984E-B64E-42EA-9462-ECF0F1465951}"
EndProject
Project("{FAE04EC0-301F-11D3-BF4B-00C04F79EFBC}") = "Ex 2E Boolean Calcs", "Ex 2E\Ex 2E Boolean Calcs.csproj", "{3E48BF73-01EC-46DD-BD35-E1F62FE8F228}"
EndProject
Project("{FAE04EC0-301F-11D3-BF4B-00C04F79EFBC}") = "Ex 2E Boolean CalcsTests", "Ex 2E Boolean CalcsTests\Ex 2E Boolean CalcsTests.csproj", "{C30FBF5A-8878-4E4B-BF3F-63813F41BAF2}"
EndProject
Project("{FAE04EC0-301F-11D3-BF4B-00C04F79EFBC}") = "Ex-3A Student Grade Calculator", "Ex-3A Student Grade Calculator\Ex-3A Student Grade Calculator.csproj", "{3BACDE13-D3F4-4C55-96BF-7770F7724F6D}"
EndProject
Project("{FAE04EC0-301F-11D3-BF4B-00C04F79EFBC}") = "Ex-3A Student Grade CalculatorTests", "Ex-3A Student Grade CalculatorTests\Ex-3A Student Grade CalculatorTests.csproj", "{39688039-632B-446E-8A41-54F3D0F8B1EA}"
EndProject
Global
	GlobalSection(SolutionConfigurationPlatforms) = preSolution
		Debug|Any CPU = Debug|Any CPU
		Release|Any CPU = Release|Any CPU
	EndGlobalSection
	GlobalSection(ProjectConfigurationPlatforms) = postSolution
		{48CFF8B8-1BFD-4EFF-A9CC-8DCF5DD98075}.Debug|Any CPU.ActiveCfg = Debug|Any CPU
		{48CFF8B8-1BFD-4EFF-A9CC-8DCF5DD98075}.Debug|Any CPU.Build.0 = Debug|Any CPU
		{48CFF8B8-1BFD-4EFF-A9CC-8DCF5DD98075}.Release|Any CPU.ActiveCfg = Release|Any CPU
		{48CFF8B8-1BFD-4EFF-A9CC-8DCF5DD98075}.Release|Any CPU.Build.0 = Release|Any CPU
		{C29C8421-5B3A-46F5-B69C-73EFDB84D1A0}.Debug|Any CPU.ActiveCfg = Debug|Any CPU
		{C29C8421-5B3A-46F5-B69C-73EFDB84D1A0}.Debug|Any CPU.Build.0 = Debug|Any CPU
		{C29C8421-5B3A-46F5-B69C-73EFDB84D1A0}.Release|Any CPU.ActiveCfg = Release|Any CPU
		{C29C8421-5B3A-46F5-B69C-73EFDB84D1A0}.Release|Any CPU.Build.0 = Release|Any CPU
		{ED7CFC78-5A8F-4A49-841D-4480702F657C}.Debug|Any CPU.ActiveCfg = Debug|Any CPU
		{ED7CFC78-5A8F-4A49-841D-4480702F657C}.Debug|Any CPU.Build.0 = Debug|Any CPU
		{ED7CFC78-5A8F-4A49-841D-4480702F657C}.Release|Any CPU.ActiveCfg = Release|Any CPU
		{ED7CFC78-5A8F-4A49-841D-4480702F657C}.Release|Any CPU.Build.0 = Release|Any CPU
		{5EF93EAC-E269-4C9E-B20B-A3D7446C6097}.Debug|Any CPU.ActiveCfg = Debug|Any CPU
		{5EF93EAC-E269-4C9E-B20B-A3D7446C6097}.Debug|Any CPU.Build.0 = Debug|Any CPU
		{5EF93EAC-E269-4C9E-B20B-A3D7446C6097}.Release|Any CPU.ActiveCfg = Release|Any CPU
		{5EF93EAC-E269-4C9E-B20B-A3D7446C6097}.Release|Any CPU.Build.0 = Release|Any CPU
		{4D5FE62A-DC33-4E05-BA16-8A2AF213DD8C}.Debug|Any CPU.ActiveCfg = Debug|Any CPU
		{4D5FE62A-DC33-4E05-BA16-8A2AF213DD8C}.Debug|Any CPU.Build.0 = Debug|Any CPU
		{4D5FE62A-DC33-4E05-BA16-8A2AF213DD8C}.Release|Any CPU.ActiveCfg = Release|Any CPU
		{4D5FE62A-DC33-4E05-BA16-8A2AF213DD8C}.Release|Any CPU.Build.0 = Release|Any CPU
		{A6A9984E-B64E-42EA-9462-ECF0F1465951}.Debug|Any CPU.ActiveCfg = Debug|Any CPU
		{A6A9984E-B64E-42EA-9462-ECF0F1465951}.Debug|Any CPU.Build.0 = Debug|Any CPU
		{A6A9984E-B64E-42EA-9462-ECF0F1465951}.Release|Any CPU.ActiveCfg = Release|Any CPU
		{A6A9984E-B64E-42EA-9462-ECF0F1465951}.Release|Any CPU.Build.0 = Release|Any CPU
		{3E48BF73-01EC-46DD-BD35-E1F62FE8F228}.Debug|Any CPU.ActiveCfg = Debug|Any CPU
		{3E48BF73-01EC-46DD-BD35-E1F62FE8F228}.Debug|Any CPU.Build.0 = Debug|Any CPU
		{3E48BF73-01EC-46DD-BD35-E1F62FE8F228}.Release|Any CPU.ActiveCfg = Release|Any CPU
		{3E48BF73-01EC-46DD-BD35-E1F62FE8F228}.Release|Any CPU.Build.0 = Release|Any CPU
		{C30FBF5A-8878-4E4B-BF3F-63813F41BAF2}.Debug|Any CPU.ActiveCfg = Debug|Any CPU
		{C30FBF5A-8878-4E4B-BF3F-63813F41BAF2}.Debug|Any CPU.Build.0 = Debug|Any CPU
		{C30FBF5A-8878-4E4B-BF3F-63813F41BAF2}.Release|Any CPU.ActiveCfg = Release|Any CPU
		{C30FBF5A-8878-4E4B-BF3F-63813F41BAF2}.Release|Any CPU.Build.0 = Release|Any CPU
		{3BACDE13-D3F4-4C55-96BF-7770F7724F6D}.Debug|Any CPU.ActiveCfg = Debug|Any CPU
		{3BACDE13-D3F4-4C55-96BF-7770F7724F6D}.Debug|Any CPU.Build.0 = Debug|Any CPU
		{3BACDE13-D3F4-4C55-96BF-7770F7724F6D}.Release|Any CPU.ActiveCfg = Release|Any CPU
		{3BACDE13-D3F4-4C55-96BF-7770F7724F6D}.Release|Any CPU.Build.0 = Release|Any CPU
		{39688039-632B-446E-8A41-54F3D0F8B1EA}.Debug|Any CPU.ActiveCfg = Debug|Any CPU
		{39688039-632B-446E-8A41-54F3D0F8B1EA}.Debug|Any CPU.Build.0 = Debug|Any CPU
		{39688039-632B-446E-8A41-54F3D0F8B1EA}.Release|Any CPU.ActiveCfg = Release|Any CPU
		{39688039-632B-446E-8A41-54F3D0F8B1EA}.Release|Any CPU.Build.0 = Release|Any CPU
	EndGlobalSection
	GlobalSection(SolutionProperties) = preSolution
		HideSolutionNode = FALSE
	EndGlobalSection
	GlobalSection(ExtensibilityGlobals) = postSolution
		SolutionGuid = {5DB017DD-A37F-45A9-8774-3B2EE91E8616}
	EndGlobalSection
EndGlobal
