
Microsoft Visual Studio Solution File, Format Version 12.00
# Visual Studio Version 17
VisualStudioVersion = 17.14.36414.22
MinimumVisualStudioVersion = 10.0.40219.1
Project("{FAE04EC0-301F-11D3-BF4B-00C04F79EFBC}") = "ex1b", "ex1b\ex1b.csproj", "{48CFF8B8-1BFD-4EFF-A9CC-8DCF5DD98075}"
EndProject
Project("{FAE04EC0-301F-11D3-BF4B-00C04F79EFBC}") = "ex1c-food-truck", "ex1c-food-truck\ex1c-food-truck.csproj", "{C29C8421-5B3A-46F5-B69C-73EFDB84D1A0}"
EndProject
Project("{FAE04EC0-301F-11D3-BF4B-00C04F79EFBC}") = "ex 1d", "ex 1d\ex 1d.csproj", "{ED7CFC78-5A8F-4A49-841D-4480702F657C}"
EndProject
Project("{FAE04EC0-301F-11D3-BF4B-00C04F79EFBC}") = "Ex 2B", "Ex 2B\Ex 2B.csproj", "{5EF93EAC-E269-4C9E-B20B-A3D7446C6097}"
EndProject
Project("{FAE04EC0-301F-11D3-BF4B-00C04F79EFBC}") = "Ex 2c", "Ex 2c\Ex 2c.csproj", "{4D5FE62A-DC33-4E05-BA16-8A2AF213DD8C}"
EndProject
Global
	GlobalSection(SolutionConfigurationPlatforms) = preSolution
		Debug|Any CPU = Debug|Any CPU
		Release|Any CPU = Release|Any CPU
	EndGlobalSection
	GlobalSection(ProjectConfigurationPlatforms) = postSolution
		{48CFF8B8-1BFD-4EFF-A9CC-8DCF5DD98075}.Debug|Any CPU.ActiveCfg = Debug|Any CPU
		{48CFF8B8-1BFD-4EFF-A9CC-8DCF5DD98075}.Debug|Any CPU.Build.0 = Debug|Any CPU
		{48CFF8B8-1BFD-4EFF-A9CC-8DCF5DD98075}.Release|Any CPU.ActiveCfg = Release|Any CPU
		{48CFF8B8-1BFD-4EFF-A9CC-8DCF5DD98075}.Release|Any CPU.Build.0 = Release|Any CPU
		{C29C8421-5B3A-46F5-B69C-73EFDB84D1A0}.Debug|Any CPU.ActiveCfg = Debug|Any CPU
		{C29C8421-5B3A-46F5-B69C-73EFDB84D1A0}.Debug|Any CPU.Build.0 = Debug|Any CPU
		{C29C8421-5B3A-46F5-B69C-73EFDB84D1A0}.Release|Any CPU.ActiveCfg = Release|Any CPU
		{C29C8421-5B3A-46F5-B69C-73EFDB84D1A0}.Release|Any CPU.Build.0 = Release|Any CPU
		{ED7CFC78-5A8F-4A49-841D-4480702F657C}.Debug|Any CPU.ActiveCfg = Debug|Any CPU
		{ED7CFC78-5A8F-4A49-841D-4480702F657C}.Debug|Any CPU.Build.0 = Debug|Any CPU
		{ED7CFC78-5A8F-4A49-841D-4480702F657C}.Release|Any CPU.ActiveCfg = Release|Any CPU
		{ED7CFC78-5A8F-4A49-841D-4480702F657C}.Release|Any CPU.Build.0 = Release|Any CPU
		{5EF93EAC-E269-4C9E-B20B-A3D7446C6097}.Debug|Any CPU.ActiveCfg = Debug|Any CPU
		{5EF93EAC-E269-4C9E-B20B-A3D7446C6097}.Debug|Any CPU.Build.0 = Debug|Any CPU
		{5EF93EAC-E269-4C9E-B20B-A3D7446C6097}.Release|Any CPU.ActiveCfg = Release|Any CPU
		{5EF93EAC-E269-4C9E-B20B-A3D7446C6097}.Release|Any CPU.Build.0 = Release|Any CPU
		{4D5FE62A-DC33-4E05-BA16-8A2AF213DD8C}.Debug|Any CPU.ActiveCfg = Debug|Any CPU
		{4D5FE62A-DC33-4E05-BA16-8A2AF213DD8C}.Debug|Any CPU.Build.0 = Debug|Any CPU
		{4D5FE62A-DC33-4E05-BA16-8A2AF213DD8C}.Release|Any CPU.ActiveCfg = Release|Any CPU
		{4D5FE62A-DC33-4E05-BA16-8A2AF213DD8C}.Release|Any CPU.Build.0 = Release|Any CPU
	EndGlobalSection
	GlobalSection(SolutionProperties) = preSolution
		HideSolutionNode = FALSE
	EndGlobalSection
	GlobalSection(ExtensibilityGlobals) = postSolution
		SolutionGuid = {5DB017DD-A37F-45A9-8774-3B2EE91E8616}
	EndGlobalSection
EndGlobal
